
Microsoft Visual Studio Solution File, Format Version 12.00
# Visual Studio Version 17
VisualStudioVersion = 17.1.32210.238
MinimumVisualStudioVersion = 10.0.40219.1
Project("{FAE04EC0-301F-11D3-BF4B-00C04F79EFBC}") = "Homework_Seminar1_Task4", "Homework_Seminar1_Task4.csproj", "{C8E17F6D-4432-4492-ACE8-045B81858561}"
EndProject
Global
	GlobalSection(SolutionConfigurationPlatforms) = preSolution
		Debug|Any CPU = Debug|Any CPU
		Release|Any CPU = Release|Any CPU
	EndGlobalSection
	GlobalSection(ProjectConfigurationPlatforms) = postSolution
		{C8E17F6D-4432-4492-ACE8-045B81858561}.Debug|Any CPU.ActiveCfg = Debug|Any CPU
		{C8E17F6D-4432-4492-ACE8-045B81858561}.Debug|Any CPU.Build.0 = Debug|Any CPU
		{C8E17F6D-4432-4492-ACE8-045B81858561}.Release|Any CPU.ActiveCfg = Release|Any CPU
		{C8E17F6D-4432-4492-ACE8-045B81858561}.Release|Any CPU.Build.0 = Release|Any CPU
	EndGlobalSection
	GlobalSection(SolutionProperties) = preSolution
		HideSolutionNode = FALSE
	EndGlobalSection
	GlobalSection(ExtensibilityGlobals) = postSolution
		SolutionGuid = {80554009-230A-405B-B485-C4217C6A32B4}
	EndGlobalSection
EndGlobal
