
Microsoft Visual Studio Solution File, Format Version 12.00
# Visual Studio Version 17
VisualStudioVersion = 17.1.32210.238
MinimumVisualStudioVersion = 10.0.40219.1
Project("{FAE04EC0-301F-11D3-BF4B-00C04F79EFBC}") = "seminar3", "seminar3.csproj", "{0C154C76-3F59-416E-AD41-8F1477F056BB}"
EndProject
Global
	GlobalSection(SolutionConfigurationPlatforms) = preSolution
		Debug|Any CPU = Debug|Any CPU
		Release|Any CPU = Release|Any CPU
	EndGlobalSection
	GlobalSection(ProjectConfigurationPlatforms) = postSolution
		{0C154C76-3F59-416E-AD41-8F1477F056BB}.Debug|Any CPU.ActiveCfg = Debug|Any CPU
		{0C154C76-3F59-416E-AD41-8F1477F056BB}.Debug|Any CPU.Build.0 = Debug|Any CPU
		{0C154C76-3F59-416E-AD41-8F1477F056BB}.Release|Any CPU.ActiveCfg = Release|Any CPU
		{0C154C76-3F59-416E-AD41-8F1477F056BB}.Release|Any CPU.Build.0 = Release|Any CPU
	EndGlobalSection
	GlobalSection(SolutionProperties) = preSolution
		HideSolutionNode = FALSE
	EndGlobalSection
	GlobalSection(ExtensibilityGlobals) = postSolution
		SolutionGuid = {08DBFFA9-4966-48FD-931E-159F5B4BC595}
	EndGlobalSection
EndGlobal
