
Microsoft Visual Studio Solution File, Format Version 12.00
# Visual Studio Version 17
VisualStudioVersion = 17.1.32319.34
MinimumVisualStudioVersion = 10.0.40219.1
Project("{FAE04EC0-301F-11D3-BF4B-00C04F79EFBC}") = "Task47", "Task47.csproj", "{11FDAE98-3EA4-45B9-8575-DA17C025948A}"
EndProject
Global
	GlobalSection(SolutionConfigurationPlatforms) = preSolution
		Debug|Any CPU = Debug|Any CPU
		Release|Any CPU = Release|Any CPU
	EndGlobalSection
	GlobalSection(ProjectConfigurationPlatforms) = postSolution
		{11FDAE98-3EA4-45B9-8575-DA17C025948A}.Debug|Any CPU.ActiveCfg = Debug|Any CPU
		{11FDAE98-3EA4-45B9-8575-DA17C025948A}.Debug|Any CPU.Build.0 = Debug|Any CPU
		{11FDAE98-3EA4-45B9-8575-DA17C025948A}.Release|Any CPU.ActiveCfg = Release|Any CPU
		{11FDAE98-3EA4-45B9-8575-DA17C025948A}.Release|Any CPU.Build.0 = Release|Any CPU
	EndGlobalSection
	GlobalSection(SolutionProperties) = preSolution
		HideSolutionNode = FALSE
	EndGlobalSection
	GlobalSection(ExtensibilityGlobals) = postSolution
		SolutionGuid = {A8810BA9-75CD-4280-A9CC-55A4DD91D6A7}
	EndGlobalSection
EndGlobal
