
Microsoft Visual Studio Solution File, Format Version 12.00
# Visual Studio Version 17
VisualStudioVersion = 17.1.32328.378
MinimumVisualStudioVersion = 10.0.40219.1
Project("{FAE04EC0-301F-11D3-BF4B-00C04F79EFBC}") = "Task54", "Task54.csproj", "{B93A8401-0854-4561-A6C8-BB7157AD0F14}"
EndProject
Global
	GlobalSection(SolutionConfigurationPlatforms) = preSolution
		Debug|Any CPU = Debug|Any CPU
		Release|Any CPU = Release|Any CPU
	EndGlobalSection
	GlobalSection(ProjectConfigurationPlatforms) = postSolution
		{B93A8401-0854-4561-A6C8-BB7157AD0F14}.Debug|Any CPU.ActiveCfg = Debug|Any CPU
		{B93A8401-0854-4561-A6C8-BB7157AD0F14}.Debug|Any CPU.Build.0 = Debug|Any CPU
		{B93A8401-0854-4561-A6C8-BB7157AD0F14}.Release|Any CPU.ActiveCfg = Release|Any CPU
		{B93A8401-0854-4561-A6C8-BB7157AD0F14}.Release|Any CPU.Build.0 = Release|Any CPU
	EndGlobalSection
	GlobalSection(SolutionProperties) = preSolution
		HideSolutionNode = FALSE
	EndGlobalSection
	GlobalSection(ExtensibilityGlobals) = postSolution
		SolutionGuid = {CCD575E0-29C8-4208-B2DC-219FF62CFA5B}
	EndGlobalSection
EndGlobal
