
Microsoft Visual Studio Solution File, Format Version 12.00
# Visual Studio Version 17
VisualStudioVersion = 17.1.32328.378
MinimumVisualStudioVersion = 10.0.40219.1
Project("{FAE04EC0-301F-11D3-BF4B-00C04F79EFBC}") = "Task58", "Task58.csproj", "{6763721E-B714-429A-AE06-3C63C38DAA18}"
EndProject
Global
	GlobalSection(SolutionConfigurationPlatforms) = preSolution
		Debug|Any CPU = Debug|Any CPU
		Release|Any CPU = Release|Any CPU
	EndGlobalSection
	GlobalSection(ProjectConfigurationPlatforms) = postSolution
		{6763721E-B714-429A-AE06-3C63C38DAA18}.Debug|Any CPU.ActiveCfg = Debug|Any CPU
		{6763721E-B714-429A-AE06-3C63C38DAA18}.Debug|Any CPU.Build.0 = Debug|Any CPU
		{6763721E-B714-429A-AE06-3C63C38DAA18}.Release|Any CPU.ActiveCfg = Release|Any CPU
		{6763721E-B714-429A-AE06-3C63C38DAA18}.Release|Any CPU.Build.0 = Release|Any CPU
	EndGlobalSection
	GlobalSection(SolutionProperties) = preSolution
		HideSolutionNode = FALSE
	EndGlobalSection
	GlobalSection(ExtensibilityGlobals) = postSolution
		SolutionGuid = {F5AA8565-2A11-485C-9AFA-3F8420858507}
	EndGlobalSection
EndGlobal
